
Microsoft Visual Studio Solution File, Format Version 12.00
# Visual Studio Version 16
VisualStudioVersion = 16.0.31911.196
MinimumVisualStudioVersion = 10.0.40219.1
Project("{9A19103F-16F7-4668-BE54-9A1E7A4F7556}") = "WA.Viewer", "WA.Viewer\WA.Viewer.csproj", "{5009E0E9-3A67-454F-9331-DCDDDF23D13E}"
EndProject
Project("{9A19103F-16F7-4668-BE54-9A1E7A4F7556}") = "WA", "WA\WA.csproj", "{1EFF531D-35F3-42B2-ADB2-310E9F444246}"
EndProject
Project("{9A19103F-16F7-4668-BE54-9A1E7A4F7556}") = "WA.Test", "WA.Test\WA.Test.csproj", "{03B1051A-4B9E-4F12-8749-B6AA3C9DFE12}"
EndProject
Project("{9A19103F-16F7-4668-BE54-9A1E7A4F7556}") = "WA.Benchmark", "WA.Benchmark\WA.Benchmark.csproj", "{41417FDE-3CDC-4710-9E4E-F72A10142145}"
EndProject
Project("{2150E333-8FDC-42A3-9474-1A3956D46DE8}") = "Solution Items", "Solution Items", "{D0849EC8-C5F7-4DA2-B62B-E481409A988D}"
	ProjectSection(SolutionItems) = preProject
		.editorconfig = .editorconfig
		WA.ruleset = WA.ruleset
	EndProjectSection
EndProject
Project("{8BC9CEB8-8B4A-11D0-8D11-00A0C91BC942}") = "ifnull", "ifnull\ifnull.vcxproj", "{7ADA98D7-2389-4283-850E-75D0B5AEC98F}"
EndProject
Project("{8BC9CEB8-8B4A-11D0-8D11-00A0C91BC942}") = "axnull", "axnull\axnull.vcxproj", "{CAE43C02-C72E-472B-ADF1-C0440E2D5EE9}"
EndProject
Project("{FAE04EC0-301F-11D3-BF4B-00C04F79EFBC}") = "WA.Blank", "WA.Blank\WA.Blank.csproj", "{266EF6B8-3A98-46C3-8B4B-02D57CE30905}"
EndProject
Global
	GlobalSection(SolutionConfigurationPlatforms) = preSolution
		Debug|Any CPU = Debug|Any CPU
		Debug|x64 = Debug|x64
		Debug|x86 = Debug|x86
		Release|Any CPU = Release|Any CPU
		Release|x64 = Release|x64
		Release|x86 = Release|x86
	EndGlobalSection
	GlobalSection(ProjectConfigurationPlatforms) = postSolution
		{5009E0E9-3A67-454F-9331-DCDDDF23D13E}.Debug|Any CPU.ActiveCfg = Debug|Any CPU
		{5009E0E9-3A67-454F-9331-DCDDDF23D13E}.Debug|Any CPU.Build.0 = Debug|Any CPU
		{5009E0E9-3A67-454F-9331-DCDDDF23D13E}.Debug|x64.ActiveCfg = Debug|Any CPU
		{5009E0E9-3A67-454F-9331-DCDDDF23D13E}.Debug|x64.Build.0 = Debug|Any CPU
		{5009E0E9-3A67-454F-9331-DCDDDF23D13E}.Debug|x86.ActiveCfg = Debug|Any CPU
		{5009E0E9-3A67-454F-9331-DCDDDF23D13E}.Debug|x86.Build.0 = Debug|Any CPU
		{5009E0E9-3A67-454F-9331-DCDDDF23D13E}.Release|Any CPU.ActiveCfg = Release|Any CPU
		{5009E0E9-3A67-454F-9331-DCDDDF23D13E}.Release|Any CPU.Build.0 = Release|Any CPU
		{5009E0E9-3A67-454F-9331-DCDDDF23D13E}.Release|x64.ActiveCfg = Release|Any CPU
		{5009E0E9-3A67-454F-9331-DCDDDF23D13E}.Release|x64.Build.0 = Release|Any CPU
		{5009E0E9-3A67-454F-9331-DCDDDF23D13E}.Release|x86.ActiveCfg = Release|Any CPU
		{5009E0E9-3A67-454F-9331-DCDDDF23D13E}.Release|x86.Build.0 = Release|Any CPU
		{1EFF531D-35F3-42B2-ADB2-310E9F444246}.Debug|Any CPU.ActiveCfg = Debug|Any CPU
		{1EFF531D-35F3-42B2-ADB2-310E9F444246}.Debug|Any CPU.Build.0 = Debug|Any CPU
		{1EFF531D-35F3-42B2-ADB2-310E9F444246}.Debug|x64.ActiveCfg = Debug|Any CPU
		{1EFF531D-35F3-42B2-ADB2-310E9F444246}.Debug|x64.Build.0 = Debug|Any CPU
		{1EFF531D-35F3-42B2-ADB2-310E9F444246}.Debug|x86.ActiveCfg = Debug|Any CPU
		{1EFF531D-35F3-42B2-ADB2-310E9F444246}.Debug|x86.Build.0 = Debug|Any CPU
		{1EFF531D-35F3-42B2-ADB2-310E9F444246}.Release|Any CPU.ActiveCfg = Release|Any CPU
		{1EFF531D-35F3-42B2-ADB2-310E9F444246}.Release|Any CPU.Build.0 = Release|Any CPU
		{1EFF531D-35F3-42B2-ADB2-310E9F444246}.Release|x64.ActiveCfg = Release|Any CPU
		{1EFF531D-35F3-42B2-ADB2-310E9F444246}.Release|x64.Build.0 = Release|Any CPU
		{1EFF531D-35F3-42B2-ADB2-310E9F444246}.Release|x86.ActiveCfg = Release|Any CPU
		{1EFF531D-35F3-42B2-ADB2-310E9F444246}.Release|x86.Build.0 = Release|Any CPU
		{03B1051A-4B9E-4F12-8749-B6AA3C9DFE12}.Debug|Any CPU.ActiveCfg = Debug|Any CPU
		{03B1051A-4B9E-4F12-8749-B6AA3C9DFE12}.Debug|Any CPU.Build.0 = Debug|Any CPU
		{03B1051A-4B9E-4F12-8749-B6AA3C9DFE12}.Debug|x64.ActiveCfg = Debug|Any CPU
		{03B1051A-4B9E-4F12-8749-B6AA3C9DFE12}.Debug|x64.Build.0 = Debug|Any CPU
		{03B1051A-4B9E-4F12-8749-B6AA3C9DFE12}.Debug|x86.ActiveCfg = Debug|Any CPU
		{03B1051A-4B9E-4F12-8749-B6AA3C9DFE12}.Debug|x86.Build.0 = Debug|Any CPU
		{03B1051A-4B9E-4F12-8749-B6AA3C9DFE12}.Release|Any CPU.ActiveCfg = Release|Any CPU
		{03B1051A-4B9E-4F12-8749-B6AA3C9DFE12}.Release|Any CPU.Build.0 = Release|Any CPU
		{03B1051A-4B9E-4F12-8749-B6AA3C9DFE12}.Release|x64.ActiveCfg = Release|Any CPU
		{03B1051A-4B9E-4F12-8749-B6AA3C9DFE12}.Release|x64.Build.0 = Release|Any CPU
		{03B1051A-4B9E-4F12-8749-B6AA3C9DFE12}.Release|x86.ActiveCfg = Release|Any CPU
		{03B1051A-4B9E-4F12-8749-B6AA3C9DFE12}.Release|x86.Build.0 = Release|Any CPU
		{41417FDE-3CDC-4710-9E4E-F72A10142145}.Debug|Any CPU.ActiveCfg = Debug|Any CPU
		{41417FDE-3CDC-4710-9E4E-F72A10142145}.Debug|Any CPU.Build.0 = Debug|Any CPU
		{41417FDE-3CDC-4710-9E4E-F72A10142145}.Debug|x64.ActiveCfg = Debug|Any CPU
		{41417FDE-3CDC-4710-9E4E-F72A10142145}.Debug|x64.Build.0 = Debug|Any CPU
		{41417FDE-3CDC-4710-9E4E-F72A10142145}.Debug|x86.ActiveCfg = Debug|Any CPU
		{41417FDE-3CDC-4710-9E4E-F72A10142145}.Debug|x86.Build.0 = Debug|Any CPU
		{41417FDE-3CDC-4710-9E4E-F72A10142145}.Release|Any CPU.ActiveCfg = Release|Any CPU
		{41417FDE-3CDC-4710-9E4E-F72A10142145}.Release|Any CPU.Build.0 = Release|Any CPU
		{41417FDE-3CDC-4710-9E4E-F72A10142145}.Release|x64.ActiveCfg = Release|Any CPU
		{41417FDE-3CDC-4710-9E4E-F72A10142145}.Release|x64.Build.0 = Release|Any CPU
		{41417FDE-3CDC-4710-9E4E-F72A10142145}.Release|x86.ActiveCfg = Release|Any CPU
		{41417FDE-3CDC-4710-9E4E-F72A10142145}.Release|x86.Build.0 = Release|Any CPU
		{7ADA98D7-2389-4283-850E-75D0B5AEC98F}.Debug|Any CPU.ActiveCfg = Debug|Win32
		{7ADA98D7-2389-4283-850E-75D0B5AEC98F}.Debug|Any CPU.Build.0 = Debug|Win32
		{7ADA98D7-2389-4283-850E-75D0B5AEC98F}.Debug|x64.ActiveCfg = Debug|x64
		{7ADA98D7-2389-4283-850E-75D0B5AEC98F}.Debug|x64.Build.0 = Debug|x64
		{7ADA98D7-2389-4283-850E-75D0B5AEC98F}.Debug|x86.ActiveCfg = Debug|Win32
		{7ADA98D7-2389-4283-850E-75D0B5AEC98F}.Debug|x86.Build.0 = Debug|Win32
		{7ADA98D7-2389-4283-850E-75D0B5AEC98F}.Release|Any CPU.ActiveCfg = Release|Win32
		{7ADA98D7-2389-4283-850E-75D0B5AEC98F}.Release|Any CPU.Build.0 = Release|Win32
		{7ADA98D7-2389-4283-850E-75D0B5AEC98F}.Release|x64.ActiveCfg = Release|x64
		{7ADA98D7-2389-4283-850E-75D0B5AEC98F}.Release|x64.Build.0 = Release|x64
		{7ADA98D7-2389-4283-850E-75D0B5AEC98F}.Release|x86.ActiveCfg = Release|Win32
		{7ADA98D7-2389-4283-850E-75D0B5AEC98F}.Release|x86.Build.0 = Release|Win32
		{CAE43C02-C72E-472B-ADF1-C0440E2D5EE9}.Debug|Any CPU.ActiveCfg = Debug|Win32
		{CAE43C02-C72E-472B-ADF1-C0440E2D5EE9}.Debug|Any CPU.Build.0 = Debug|Win32
		{CAE43C02-C72E-472B-ADF1-C0440E2D5EE9}.Debug|x64.ActiveCfg = Debug|x64
		{CAE43C02-C72E-472B-ADF1-C0440E2D5EE9}.Debug|x64.Build.0 = Debug|x64
		{CAE43C02-C72E-472B-ADF1-C0440E2D5EE9}.Debug|x86.ActiveCfg = Debug|Win32
		{CAE43C02-C72E-472B-ADF1-C0440E2D5EE9}.Debug|x86.Build.0 = Debug|Win32
		{CAE43C02-C72E-472B-ADF1-C0440E2D5EE9}.Release|Any CPU.ActiveCfg = Release|Win32
		{CAE43C02-C72E-472B-ADF1-C0440E2D5EE9}.Release|Any CPU.Build.0 = Release|Win32
		{CAE43C02-C72E-472B-ADF1-C0440E2D5EE9}.Release|x64.ActiveCfg = Release|x64
		{CAE43C02-C72E-472B-ADF1-C0440E2D5EE9}.Release|x64.Build.0 = Release|x64
		{CAE43C02-C72E-472B-ADF1-C0440E2D5EE9}.Release|x86.ActiveCfg = Release|Win32
		{CAE43C02-C72E-472B-ADF1-C0440E2D5EE9}.Release|x86.Build.0 = Release|Win32
		{266EF6B8-3A98-46C3-8B4B-02D57CE30905}.Debug|Any CPU.ActiveCfg = Debug|Any CPU
		{266EF6B8-3A98-46C3-8B4B-02D57CE30905}.Debug|Any CPU.Build.0 = Debug|Any CPU
		{266EF6B8-3A98-46C3-8B4B-02D57CE30905}.Debug|x64.ActiveCfg = Debug|Any CPU
		{266EF6B8-3A98-46C3-8B4B-02D57CE30905}.Debug|x64.Build.0 = Debug|Any CPU
		{266EF6B8-3A98-46C3-8B4B-02D57CE30905}.Debug|x86.ActiveCfg = Debug|Any CPU
		{266EF6B8-3A98-46C3-8B4B-02D57CE30905}.Debug|x86.Build.0 = Debug|Any CPU
		{266EF6B8-3A98-46C3-8B4B-02D57CE30905}.Release|Any CPU.ActiveCfg = Release|Any CPU
		{266EF6B8-3A98-46C3-8B4B-02D57CE30905}.Release|Any CPU.Build.0 = Release|Any CPU
		{266EF6B8-3A98-46C3-8B4B-02D57CE30905}.Release|x64.ActiveCfg = Release|Any CPU
		{266EF6B8-3A98-46C3-8B4B-02D57CE30905}.Release|x64.Build.0 = Release|Any CPU
		{266EF6B8-3A98-46C3-8B4B-02D57CE30905}.Release|x86.ActiveCfg = Release|Any CPU
		{266EF6B8-3A98-46C3-8B4B-02D57CE30905}.Release|x86.Build.0 = Release|Any CPU
	EndGlobalSection
	GlobalSection(SolutionProperties) = preSolution
		HideSolutionNode = FALSE
	EndGlobalSection
	GlobalSection(ExtensibilityGlobals) = postSolution
		SolutionGuid = {55CED695-0C93-4B07-B08B-27F6A9D98CFE}
	EndGlobalSection
EndGlobal
